// !$*UTF8*$!
{
	archiveVersion = 1;
	classes = {
	};
	objectVersion = 46;
	objects = {

/* Begin PBXBuildFile section */
		F106CCBD1DACC9D500333B67 /* AppDelegate.swift in Sources */ = {isa = PBXBuildFile; fileRef = F106CCBC1DACC9D500333B67 /* AppDelegate.swift */; };
		F106CCBF1DACC9D500333B67 /* ViewController.swift in Sources */ = {isa = PBXBuildFile; fileRef = F106CCBE1DACC9D500333B67 /* ViewController.swift */; };
		F106CCC21DACC9D500333B67 /* Main.storyboard in Resources */ = {isa = PBXBuildFile; fileRef = F106CCC01DACC9D500333B67 /* Main.storyboard */; };
		F106CCC41DACC9D500333B67 /* Assets.xcassets in Resources */ = {isa = PBXBuildFile; fileRef = F106CCC31DACC9D500333B67 /* Assets.xcassets */; };
		F106CCC71DACC9D500333B67 /* LaunchScreen.storyboard in Resources */ = {isa = PBXBuildFile; fileRef = F106CCC51DACC9D500333B67 /* LaunchScreen.storyboard */; };
		F106CCCF1DACCA2E00333B67 /* sample.json in Resources */ = {isa = PBXBuildFile; fileRef = F106CCCE1DACCA2E00333B67 /* sample.json */; };
		F106CCD21DACCCE000333B67 /* hash.swift in Sources */ = {isa = PBXBuildFile; fileRef = F106CCD11DACCCE000333B67 /* hash.swift */; };
/* End PBXBuildFile section */

/* Begin PBXFileReference section */
		F106CCB91DACC9D500333B67 /* learn-swift.app */ = {isa = PBXFileReference; explicitFileType = wrapper.application; includeInIndex = 0; path = "learn-swift.app"; sourceTree = BUILT_PRODUCTS_DIR; };
		F106CCBC1DACC9D500333B67 /* AppDelegate.swift */ = {isa = PBXFileReference; lastKnownFileType = sourcecode.swift; path = AppDelegate.swift; sourceTree = "<group>"; };
		F106CCBE1DACC9D500333B67 /* ViewController.swift */ = {isa = PBXFileReference; lastKnownFileType = sourcecode.swift; path = ViewController.swift; sourceTree = "<group>"; };
		F106CCC11DACC9D500333B67 /* Base */ = {isa = PBXFileReference; lastKnownFileType = file.storyboard; name = Base; path = Base.lproj/Main.storyboard; sourceTree = "<group>"; };
		F106CCC31DACC9D500333B67 /* Assets.xcassets */ = {isa = PBXFileReference; lastKnownFileType = folder.assetcatalog; path = Assets.xcassets; sourceTree = "<group>"; };
		F106CCC61DACC9D500333B67 /* Base */ = {isa = PBXFileReference; lastKnownFileType = file.storyboard; name = Base; path = Base.lproj/LaunchScreen.storyboard; sourceTree = "<group>"; };
		F106CCC81DACC9D500333B67 /* Info.plist */ = {isa = PBXFileReference; lastKnownFileType = text.plist.xml; path = Info.plist; sourceTree = "<group>"; };
		F106CCCE1DACCA2E00333B67 /* sample.json */ = {isa = PBXFileReference; fileEncoding = 4; lastKnownFileType = text.json; path = sample.json; sourceTree = "<group>"; };
		F106CCD11DACCCE000333B67 /* hash.swift */ = {isa = PBXFileReference; fileEncoding = 4; lastKnownFileType = sourcecode.swift; path = hash.swift; sourceTree = "<group>"; };
/* End PBXFileReference section */

/* Begin PBXFrameworksBuildPhase section */
		F106CCB61DACC9D500333B67 /* Frameworks */ = {
			isa = PBXFrameworksBuildPhase;
			buildActionMask = 2147483647;
			files = (
			);
			runOnlyForDeploymentPostprocessing = 0;
		};
/* End PBXFrameworksBuildPhase section */

/* Begin PBXGroup section */
		F106CCB01DACC9D500333B67 = {
			isa = PBXGroup;
			children = (
				F106CCBB1DACC9D500333B67 /* learn-swift */,
				F106CCBA1DACC9D500333B67 /* Products */,
			);
			sourceTree = "<group>";
		};
		F106CCBA1DACC9D500333B67 /* Products */ = {
			isa = PBXGroup;
			children = (
				F106CCB91DACC9D500333B67 /* learn-swift.app */,
			);
			name = Products;
			sourceTree = "<group>";
		};
		F106CCBB1DACC9D500333B67 /* learn-swift */ = {
			isa = PBXGroup;
			children = (
				F106CCD01DACCCC400333B67 /* collections */,
				F106CCCE1DACCA2E00333B67 /* sample.json */,
				F106CCBC1DACC9D500333B67 /* AppDelegate.swift */,
				F106CCBE1DACC9D500333B67 /* ViewController.swift */,
				F106CCC01DACC9D500333B67 /* Main.storyboard */,
				F106CCC31DACC9D500333B67 /* Assets.xcassets */,
				F106CCC51DACC9D500333B67 /* LaunchScreen.storyboard */,
				F106CCC81DACC9D500333B67 /* Info.plist */,
			);
			path = "learn-swift";
			sourceTree = "<group>";
		};
		F106CCD01DACCCC400333B67 /* collections */ = {
			isa = PBXGroup;
			children = (
				F106CCD11DACCCE000333B67 /* hash.swift */,
			);
			name = collections;
			sourceTree = "<group>";
		};
/* End PBXGroup section */

/* Begin PBXNativeTarget section */
		F106CCB81DACC9D500333B67 /* learn-swift */ = {
			isa = PBXNativeTarget;
			buildConfigurationList = F106CCCB1DACC9D500333B67 /* Build configuration list for PBXNativeTarget "learn-swift" */;
			buildPhases = (
				F106CCB51DACC9D500333B67 /* Sources */,
				F106CCB61DACC9D500333B67 /* Frameworks */,
				F106CCB71DACC9D500333B67 /* Resources */,
			);
			buildRules = (
			);
			dependencies = (
			);
			name = "learn-swift";
			productName = "learn-swift";
			productReference = F106CCB91DACC9D500333B67 /* learn-swift.app */;
			productType = "com.apple.product-type.application";
		};
/* End PBXNativeTarget section */

/* Begin PBXProject section */
		F106CCB11DACC9D500333B67 /* Project object */ = {
			isa = PBXProject;
			attributes = {
				LastSwiftUpdateCheck = 0800;
				LastUpgradeCheck = 0800;
				ORGANIZATIONNAME = Ryetech;
				TargetAttributes = {
					F106CCB81DACC9D500333B67 = {
						CreatedOnToolsVersion = 8.0;
						ProvisioningStyle = Automatic;
					};
				};
			};
			buildConfigurationList = F106CCB41DACC9D500333B67 /* Build configuration list for PBXProject "learn-swift" */;
			compatibilityVersion = "Xcode 3.2";
			developmentRegion = English;
			hasScannedForEncodings = 0;
			knownRegions = (
				en,
				Base,
			);
			mainGroup = F106CCB01DACC9D500333B67;
			productRefGroup = F106CCBA1DACC9D500333B67 /* Products */;
			projectDirPath = "";
			projectRoot = "";
			targets = (
				F106CCB81DACC9D500333B67 /* learn-swift */,
			);
		};
/* End PBXProject section */

/* Begin PBXResourcesBuildPhase section */
		F106CCB71DACC9D500333B67 /* Resources */ = {
			isa = PBXResourcesBuildPhase;
			buildActionMask = 2147483647;
			files = (
				F106CCC71DACC9D500333B67 /* LaunchScreen.storyboard in Resources */,
				F106CCCF1DACCA2E00333B67 /* sample.json in Resources */,
				F106CCC41DACC9D500333B67 /* Assets.xcassets in Resources */,
				F106CCC21DACC9D500333B67 /* Main.storyboard in Resources */,
			);
			runOnlyForDeploymentPostprocessing = 0;
		};
/* End PBXResourcesBuildPhase section */

/* Begin PBXSourcesBuildPhase section */
		F106CCB51DACC9D500333B67 /* Sources */ = {
			isa = PBXSourcesBuildPhase;
			buildActionMask = 2147483647;
			files = (
				F106CCBF1DACC9D500333B67 /* ViewController.swift in Sources */,
				F106CCD21DACCCE000333B67 /* hash.swift in Sources */,
				F106CCBD1DACC9D500333B67 /* AppDelegate.swift in Sources */,
			);
			runOnlyForDeploymentPostprocessing = 0;
		};
/* End PBXSourcesBuildPhase section */

/* Begin PBXVariantGroup section */
		F106CCC01DACC9D500333B67 /* Main.storyboard */ = {
			isa = PBXVariantGroup;
			children = (
				F106CCC11DACC9D500333B67 /* Base */,
			);
			name = Main.storyboard;
			sourceTree = "<group>";
		};
		F106CCC51DACC9D500333B67 /* LaunchScreen.storyboard */ = {
			isa = PBXVariantGroup;
			children = (
				F106CCC61DACC9D500333B67 /* Base */,
			);
			name = LaunchScreen.storyboard;
			sourceTree = "<group>";
		};
/* End PBXVariantGroup section */

/* Begin XCBuildConfiguration section */
		F106CCC91DACC9D500333B67 /* Debug */ = {
			isa = XCBuildConfiguration;
			buildSettings = {
				ALWAYS_SEARCH_USER_PATHS = NO;
				CLANG_ANALYZER_NONNULL = YES;
				CLANG_CXX_LANGUAGE_STANDARD = "gnu++0x";
				CLANG_CXX_LIBRARY = "libc++";
				CLANG_ENABLE_MODULES = YES;
				CLANG_ENABLE_OBJC_ARC = YES;
				CLANG_WARN_BOOL_CONVERSION = YES;
				CLANG_WARN_CONSTANT_CONVERSION = YES;
				CLANG_WARN_DIRECT_OBJC_ISA_USAGE = YES_ERROR;
				CLANG_WARN_DOCUMENTATION_COMMENTS = YES;
				CLANG_WARN_EMPTY_BODY = YES;
				CLANG_WARN_ENUM_CONVERSION = YES;
				CLANG_WARN_INFINITE_RECURSION = YES;
				CLANG_WARN_INT_CONVERSION = YES;
				CLANG_WARN_OBJC_ROOT_CLASS = YES_ERROR;
				CLANG_WARN_SUSPICIOUS_MOVES = YES;
				CLANG_WARN_UNREACHABLE_CODE = YES;
				CLANG_WARN__DUPLICATE_METHOD_MATCH = YES;
				"CODE_SIGN_IDENTITY[sdk=iphoneos*]" = "iPhone Developer";
				COPY_PHASE_STRIP = NO;
				DEBUG_INFORMATION_FORMAT = dwarf;
				ENABLE_STRICT_OBJC_MSGSEND = YES;
				ENABLE_TESTABILITY = YES;
				GCC_C_LANGUAGE_STANDARD = gnu99;
				GCC_DYNAMIC_NO_PIC = NO;
				GCC_NO_COMMON_BLOCKS = YES;
				GCC_OPTIMIZATION_LEVEL = 0;
				GCC_PREPROCESSOR_DEFINITIONS = (
					"DEBUG=1",
					"$(inherited)",
				);
				GCC_WARN_64_TO_32_BIT_CONVERSION = YES;
				GCC_WARN_ABOUT_RETURN_TYPE = YES_ERROR;
				GCC_WARN_UNDECLARED_SELECTOR = YES;
				GCC_WARN_UNINITIALIZED_AUTOS = YES_AGGRESSIVE;
				GCC_WARN_UNUSED_FUNCTION = YES;
				GCC_WARN_UNUSED_VARIABLE = YES;
				IPHONEOS_DEPLOYMENT_TARGET = 10.0;
				MTL_ENABLE_DEBUG_INFO = YES;
				ONLY_ACTIVE_ARCH = YES;
				SDKROOT = iphoneos;
				SWIFT_ACTIVE_COMPILATION_CONDITIONS = DEBUG;
				SWIFT_OPTIMIZATION_LEVEL = "-Onone";
			};
			name = Debug;
		};
		F106CCCA1DACC9D500333B67 /* Release */ = {
			isa = XCBuildConfiguration;
			buildSettings = {
				ALWAYS_SEARCH_USER_PATHS = NO;
				CLANG_ANALYZER_NONNULL = YES;
				CLANG_CXX_LANGUAGE_STANDARD = "gnu++0x";
				CLANG_CXX_LIBRARY = "libc++";
				CLANG_ENABLE_MODULES = YES;
				CLANG_ENABLE_OBJC_ARC = YES;
				CLANG_WARN_BOOL_CONVERSION = YES;
				CLANG_WARN_CONSTANT_CONVERSION = YES;
				CLANG_WARN_DIRECT_OBJC_ISA_USAGE = YES_ERROR;
				CLANG_WARN_DOCUMENTATION_COMMENTS = YES;
				CLANG_WARN_EMPTY_BODY = YES;
				CLANG_WARN_ENUM_CONVERSION = YES;
				CLANG_WARN_INFINITE_RECURSION = YES;
				CLANG_WARN_INT_CONVERSION = YES;
				CLANG_WARN_OBJC_ROOT_CLASS = YES_ERROR;
				CLANG_WARN_SUSPICIOUS_MOVES = YES;
				CLANG_WARN_UNREACHABLE_CODE = YES;
				CLANG_WARN__DUPLICATE_METHOD_MATCH = YES;
				"CODE_SIGN_IDENTITY[sdk=iphoneos*]" = "iPhone Developer";
				COPY_PHASE_STRIP = NO;
				DEBUG_INFORMATION_FORMAT = "dwarf-with-dsym";
				ENABLE_NS_ASSERTIONS = NO;
				ENABLE_STRICT_OBJC_MSGSEND = YES;
				GCC_C_LANGUAGE_STANDARD = gnu99;
				GCC_NO_COMMON_BLOCKS = YES;
				GCC_WARN_64_TO_32_BIT_CONVERSION = YES;
				GCC_WARN_ABOUT_RETURN_TYPE = YES_ERROR;
				GCC_WARN_UNDECLARED_SELECTOR = YES;
				GCC_WARN_UNINITIALIZED_AUTOS = YES_AGGRESSIVE;
				GCC_WARN_UNUSED_FUNCTION = YES;
				GCC_WARN_UNUSED_VARIABLE = YES;
				IPHONEOS_DEPLOYMENT_TARGET = 10.0;
				MTL_ENABLE_DEBUG_INFO = NO;
				SDKROOT = iphoneos;
				SWIFT_OPTIMIZATION_LEVEL = "-Owholemodule";
				VALIDATE_PRODUCT = YES;
			};
			name = Release;
		};
		F106CCCC1DACC9D500333B67 /* Debug */ = {
			isa = XCBuildConfiguration;
			buildSettings = {
				ASSETCATALOG_COMPILER_APPICON_NAME = AppIcon;
				INFOPLIST_FILE = "learn-swift/Info.plist";
				LD_RUNPATH_SEARCH_PATHS = "$(inherited) @executable_path/Frameworks";
				PRODUCT_BUNDLE_IDENTIFIER = "xyz.ryetech.learn-swift";
				PRODUCT_NAME = "$(TARGET_NAME)";
				SWIFT_VERSION = 3.0;
			};
			name = Debug;
		};
		F106CCCD1DACC9D500333B67 /* Release */ = {
			isa = XCBuildConfiguration;
			buildSettings = {
				ASSETCATALOG_COMPILER_APPICON_NAME = AppIcon;
				INFOPLIST_FILE = "learn-swift/Info.plist";
				LD_RUNPATH_SEARCH_PATHS = "$(inherited) @executable_path/Frameworks";
				PRODUCT_BUNDLE_IDENTIFIER = "xyz.ryetech.learn-swift";
				PRODUCT_NAME = "$(TARGET_NAME)";
				SWIFT_VERSION = 3.0;
			};
			name = Release;
		};
/* End XCBuildConfiguration section */

/* Begin XCConfigurationList section */
		F106CCB41DACC9D500333B67 /* Build configuration list for PBXProject "learn-swift" */ = {
			isa = XCConfigurationList;
			buildConfigurations = (
				F106CCC91DACC9D500333B67 /* Debug */,
				F106CCCA1DACC9D500333B67 /* Release */,
			);
			defaultConfigurationIsVisible = 0;
			defaultConfigurationName = Release;
		};
		F106CCCB1DACC9D500333B67 /* Build configuration list for PBXNativeTarget "learn-swift" */ = {
			isa = XCConfigurationList;
			buildConfigurations = (
				F106CCCC1DACC9D500333B67 /* Debug */,
				F106CCCD1DACC9D500333B67 /* Release */,
			);
			defaultConfigurationIsVisible = 0;
		};
/* End XCConfigurationList section */
	};
	rootObject = F106CCB11DACC9D500333B67 /* Project object */;
}
