// !$*UTF8*$!
{
	archiveVersion = 1;
	classes = {
	};
	objectVersion = 46;
	objects = {

/* Begin PBXBuildFile section */
		F17692F51E0E6C58006D76EB /* AppDelegate.swift in Sources */ = {isa = PBXBuildFile; fileRef = F17692F41E0E6C58006D76EB /* AppDelegate.swift */; };
		F17692F71E0E6C58006D76EB /* ViewController.swift in Sources */ = {isa = PBXBuildFile; fileRef = F17692F61E0E6C58006D76EB /* ViewController.swift */; };
		F17692FA1E0E6C58006D76EB /* Main.storyboard in Resources */ = {isa = PBXBuildFile; fileRef = F17692F81E0E6C58006D76EB /* Main.storyboard */; };
		F17692FC1E0E6C58006D76EB /* Assets.xcassets in Resources */ = {isa = PBXBuildFile; fileRef = F17692FB1E0E6C58006D76EB /* Assets.xcassets */; };
		F17692FF1E0E6C58006D76EB /* LaunchScreen.storyboard in Resources */ = {isa = PBXBuildFile; fileRef = F17692FD1E0E6C58006D76EB /* LaunchScreen.storyboard */; };
/* End PBXBuildFile section */

/* Begin PBXFileReference section */
		F17692F11E0E6C58006D76EB /* Web Image Download Demo.app */ = {isa = PBXFileReference; explicitFileType = wrapper.application; includeInIndex = 0; path = "Web Image Download Demo.app"; sourceTree = BUILT_PRODUCTS_DIR; };
		F17692F41E0E6C58006D76EB /* AppDelegate.swift */ = {isa = PBXFileReference; lastKnownFileType = sourcecode.swift; path = AppDelegate.swift; sourceTree = "<group>"; };
		F17692F61E0E6C58006D76EB /* ViewController.swift */ = {isa = PBXFileReference; lastKnownFileType = sourcecode.swift; path = ViewController.swift; sourceTree = "<group>"; };
		F17692F91E0E6C58006D76EB /* Base */ = {isa = PBXFileReference; lastKnownFileType = file.storyboard; name = Base; path = Base.lproj/Main.storyboard; sourceTree = "<group>"; };
		F17692FB1E0E6C58006D76EB /* Assets.xcassets */ = {isa = PBXFileReference; lastKnownFileType = folder.assetcatalog; path = Assets.xcassets; sourceTree = "<group>"; };
		F17692FE1E0E6C58006D76EB /* Base */ = {isa = PBXFileReference; lastKnownFileType = file.storyboard; name = Base; path = Base.lproj/LaunchScreen.storyboard; sourceTree = "<group>"; };
		F17693001E0E6C58006D76EB /* Info.plist */ = {isa = PBXFileReference; lastKnownFileType = text.plist.xml; path = Info.plist; sourceTree = "<group>"; };
/* End PBXFileReference section */

/* Begin PBXFrameworksBuildPhase section */
		F17692EE1E0E6C57006D76EB /* Frameworks */ = {
			isa = PBXFrameworksBuildPhase;
			buildActionMask = 2147483647;
			files = (
			);
			runOnlyForDeploymentPostprocessing = 0;
		};
/* End PBXFrameworksBuildPhase section */

/* Begin PBXGroup section */
		F17692E81E0E6C57006D76EB = {
			isa = PBXGroup;
			children = (
				F17692F31E0E6C58006D76EB /* Web Image Download Demo */,
				F17692F21E0E6C58006D76EB /* Products */,
			);
			sourceTree = "<group>";
		};
		F17692F21E0E6C58006D76EB /* Products */ = {
			isa = PBXGroup;
			children = (
				F17692F11E0E6C58006D76EB /* Web Image Download Demo.app */,
			);
			name = Products;
			sourceTree = "<group>";
		};
		F17692F31E0E6C58006D76EB /* Web Image Download Demo */ = {
			isa = PBXGroup;
			children = (
				F17692F41E0E6C58006D76EB /* AppDelegate.swift */,
				F17692F61E0E6C58006D76EB /* ViewController.swift */,
				F17692F81E0E6C58006D76EB /* Main.storyboard */,
				F17692FB1E0E6C58006D76EB /* Assets.xcassets */,
				F17692FD1E0E6C58006D76EB /* LaunchScreen.storyboard */,
				F17693001E0E6C58006D76EB /* Info.plist */,
			);
			path = "Web Image Download Demo";
			sourceTree = "<group>";
		};
/* End PBXGroup section */

/* Begin PBXNativeTarget section */
		F17692F01E0E6C57006D76EB /* Web Image Download Demo */ = {
			isa = PBXNativeTarget;
			buildConfigurationList = F17693031E0E6C58006D76EB /* Build configuration list for PBXNativeTarget "Web Image Download Demo" */;
			buildPhases = (
				F17692ED1E0E6C57006D76EB /* Sources */,
				F17692EE1E0E6C57006D76EB /* Frameworks */,
				F17692EF1E0E6C57006D76EB /* Resources */,
			);
			buildRules = (
			);
			dependencies = (
			);
			name = "Web Image Download Demo";
			productName = "Web Image Download Demo";
			productReference = F17692F11E0E6C58006D76EB /* Web Image Download Demo.app */;
			productType = "com.apple.product-type.application";
		};
/* End PBXNativeTarget section */

/* Begin PBXProject section */
		F17692E91E0E6C57006D76EB /* Project object */ = {
			isa = PBXProject;
			attributes = {
				LastSwiftUpdateCheck = 0820;
				LastUpgradeCheck = 0820;
				ORGANIZATIONNAME = Ryetech;
				TargetAttributes = {
					F17692F01E0E6C57006D76EB = {
						CreatedOnToolsVersion = 8.2.1;
						ProvisioningStyle = Automatic;
					};
				};
			};
			buildConfigurationList = F17692EC1E0E6C57006D76EB /* Build configuration list for PBXProject "Web Image Download Demo" */;
			compatibilityVersion = "Xcode 3.2";
			developmentRegion = English;
			hasScannedForEncodings = 0;
			knownRegions = (
				en,
				Base,
			);
			mainGroup = F17692E81E0E6C57006D76EB;
			productRefGroup = F17692F21E0E6C58006D76EB /* Products */;
			projectDirPath = "";
			projectRoot = "";
			targets = (
				F17692F01E0E6C57006D76EB /* Web Image Download Demo */,
			);
		};
/* End PBXProject section */

/* Begin PBXResourcesBuildPhase section */
		F17692EF1E0E6C57006D76EB /* Resources */ = {
			isa = PBXResourcesBuildPhase;
			buildActionMask = 2147483647;
			files = (
				F17692FF1E0E6C58006D76EB /* LaunchScreen.storyboard in Resources */,
				F17692FC1E0E6C58006D76EB /* Assets.xcassets in Resources */,
				F17692FA1E0E6C58006D76EB /* Main.storyboard in Resources */,
			);
			runOnlyForDeploymentPostprocessing = 0;
		};
/* End PBXResourcesBuildPhase section */

/* Begin PBXSourcesBuildPhase section */
		F17692ED1E0E6C57006D76EB /* Sources */ = {
			isa = PBXSourcesBuildPhase;
			buildActionMask = 2147483647;
			files = (
				F17692F71E0E6C58006D76EB /* ViewController.swift in Sources */,
				F17692F51E0E6C58006D76EB /* AppDelegate.swift in Sources */,
			);
			runOnlyForDeploymentPostprocessing = 0;
		};
/* End PBXSourcesBuildPhase section */

/* Begin PBXVariantGroup section */
		F17692F81E0E6C58006D76EB /* Main.storyboard */ = {
			isa = PBXVariantGroup;
			children = (
				F17692F91E0E6C58006D76EB /* Base */,
			);
			name = Main.storyboard;
			sourceTree = "<group>";
		};
		F17692FD1E0E6C58006D76EB /* LaunchScreen.storyboard */ = {
			isa = PBXVariantGroup;
			children = (
				F17692FE1E0E6C58006D76EB /* Base */,
			);
			name = LaunchScreen.storyboard;
			sourceTree = "<group>";
		};
/* End PBXVariantGroup section */

/* Begin XCBuildConfiguration section */
		F17693011E0E6C58006D76EB /* Debug */ = {
			isa = XCBuildConfiguration;
			buildSettings = {
				ALWAYS_SEARCH_USER_PATHS = NO;
				CLANG_ANALYZER_NONNULL = YES;
				CLANG_CXX_LANGUAGE_STANDARD = "gnu++0x";
				CLANG_CXX_LIBRARY = "libc++";
				CLANG_ENABLE_MODULES = YES;
				CLANG_ENABLE_OBJC_ARC = YES;
				CLANG_WARN_BOOL_CONVERSION = YES;
				CLANG_WARN_CONSTANT_CONVERSION = YES;
				CLANG_WARN_DIRECT_OBJC_ISA_USAGE = YES_ERROR;
				CLANG_WARN_DOCUMENTATION_COMMENTS = YES;
				CLANG_WARN_EMPTY_BODY = YES;
				CLANG_WARN_ENUM_CONVERSION = YES;
				CLANG_WARN_INFINITE_RECURSION = YES;
				CLANG_WARN_INT_CONVERSION = YES;
				CLANG_WARN_OBJC_ROOT_CLASS = YES_ERROR;
				CLANG_WARN_SUSPICIOUS_MOVE = YES;
				CLANG_WARN_UNREACHABLE_CODE = YES;
				CLANG_WARN__DUPLICATE_METHOD_MATCH = YES;
				"CODE_SIGN_IDENTITY[sdk=iphoneos*]" = "iPhone Developer";
				COPY_PHASE_STRIP = NO;
				DEBUG_INFORMATION_FORMAT = dwarf;
				ENABLE_STRICT_OBJC_MSGSEND = YES;
				ENABLE_TESTABILITY = YES;
				GCC_C_LANGUAGE_STANDARD = gnu99;
				GCC_DYNAMIC_NO_PIC = NO;
				GCC_NO_COMMON_BLOCKS = YES;
				GCC_OPTIMIZATION_LEVEL = 0;
				GCC_PREPROCESSOR_DEFINITIONS = (
					"DEBUG=1",
					"$(inherited)",
				);
				GCC_WARN_64_TO_32_BIT_CONVERSION = YES;
				GCC_WARN_ABOUT_RETURN_TYPE = YES_ERROR;
				GCC_WARN_UNDECLARED_SELECTOR = YES;
				GCC_WARN_UNINITIALIZED_AUTOS = YES_AGGRESSIVE;
				GCC_WARN_UNUSED_FUNCTION = YES;
				GCC_WARN_UNUSED_VARIABLE = YES;
				IPHONEOS_DEPLOYMENT_TARGET = 10.2;
				MTL_ENABLE_DEBUG_INFO = YES;
				ONLY_ACTIVE_ARCH = YES;
				SDKROOT = iphoneos;
				SWIFT_ACTIVE_COMPILATION_CONDITIONS = DEBUG;
				SWIFT_OPTIMIZATION_LEVEL = "-Onone";
			};
			name = Debug;
		};
		F17693021E0E6C58006D76EB /* Release */ = {
			isa = XCBuildConfiguration;
			buildSettings = {
				ALWAYS_SEARCH_USER_PATHS = NO;
				CLANG_ANALYZER_NONNULL = YES;
				CLANG_CXX_LANGUAGE_STANDARD = "gnu++0x";
				CLANG_CXX_LIBRARY = "libc++";
				CLANG_ENABLE_MODULES = YES;
				CLANG_ENABLE_OBJC_ARC = YES;
				CLANG_WARN_BOOL_CONVERSION = YES;
				CLANG_WARN_CONSTANT_CONVERSION = YES;
				CLANG_WARN_DIRECT_OBJC_ISA_USAGE = YES_ERROR;
				CLANG_WARN_DOCUMENTATION_COMMENTS = YES;
				CLANG_WARN_EMPTY_BODY = YES;
				CLANG_WARN_ENUM_CONVERSION = YES;
				CLANG_WARN_INFINITE_RECURSION = YES;
				CLANG_WARN_INT_CONVERSION = YES;
				CLANG_WARN_OBJC_ROOT_CLASS = YES_ERROR;
				CLANG_WARN_SUSPICIOUS_MOVE = YES;
				CLANG_WARN_UNREACHABLE_CODE = YES;
				CLANG_WARN__DUPLICATE_METHOD_MATCH = YES;
				"CODE_SIGN_IDENTITY[sdk=iphoneos*]" = "iPhone Developer";
				COPY_PHASE_STRIP = NO;
				DEBUG_INFORMATION_FORMAT = "dwarf-with-dsym";
				ENABLE_NS_ASSERTIONS = NO;
				ENABLE_STRICT_OBJC_MSGSEND = YES;
				GCC_C_LANGUAGE_STANDARD = gnu99;
				GCC_NO_COMMON_BLOCKS = YES;
				GCC_WARN_64_TO_32_BIT_CONVERSION = YES;
				GCC_WARN_ABOUT_RETURN_TYPE = YES_ERROR;
				GCC_WARN_UNDECLARED_SELECTOR = YES;
				GCC_WARN_UNINITIALIZED_AUTOS = YES_AGGRESSIVE;
				GCC_WARN_UNUSED_FUNCTION = YES;
				GCC_WARN_UNUSED_VARIABLE = YES;
				IPHONEOS_DEPLOYMENT_TARGET = 10.2;
				MTL_ENABLE_DEBUG_INFO = NO;
				SDKROOT = iphoneos;
				SWIFT_OPTIMIZATION_LEVEL = "-Owholemodule";
				VALIDATE_PRODUCT = YES;
			};
			name = Release;
		};
		F17693041E0E6C58006D76EB /* Debug */ = {
			isa = XCBuildConfiguration;
			buildSettings = {
				ASSETCATALOG_COMPILER_APPICON_NAME = AppIcon;
				INFOPLIST_FILE = "Web Image Download Demo/Info.plist";
				LD_RUNPATH_SEARCH_PATHS = "$(inherited) @executable_path/Frameworks";
				PRODUCT_BUNDLE_IDENTIFIER = "xyz.ryetech.Web-Image-Download-Demo";
				PRODUCT_NAME = "$(TARGET_NAME)";
				SWIFT_VERSION = 3.0;
			};
			name = Debug;
		};
		F17693051E0E6C58006D76EB /* Release */ = {
			isa = XCBuildConfiguration;
			buildSettings = {
				ASSETCATALOG_COMPILER_APPICON_NAME = AppIcon;
				INFOPLIST_FILE = "Web Image Download Demo/Info.plist";
				LD_RUNPATH_SEARCH_PATHS = "$(inherited) @executable_path/Frameworks";
				PRODUCT_BUNDLE_IDENTIFIER = "xyz.ryetech.Web-Image-Download-Demo";
				PRODUCT_NAME = "$(TARGET_NAME)";
				SWIFT_VERSION = 3.0;
			};
			name = Release;
		};
/* End XCBuildConfiguration section */

/* Begin XCConfigurationList section */
		F17692EC1E0E6C57006D76EB /* Build configuration list for PBXProject "Web Image Download Demo" */ = {
			isa = XCConfigurationList;
			buildConfigurations = (
				F17693011E0E6C58006D76EB /* Debug */,
				F17693021E0E6C58006D76EB /* Release */,
			);
			defaultConfigurationIsVisible = 0;
			defaultConfigurationName = Release;
		};
		F17693031E0E6C58006D76EB /* Build configuration list for PBXNativeTarget "Web Image Download Demo" */ = {
			isa = XCConfigurationList;
			buildConfigurations = (
				F17693041E0E6C58006D76EB /* Debug */,
				F17693051E0E6C58006D76EB /* Release */,
			);
			defaultConfigurationIsVisible = 0;
		};
/* End XCConfigurationList section */
	};
	rootObject = F17692E91E0E6C57006D76EB /* Project object */;
}
