// !$*UTF8*$!
{
	archiveVersion = 1;
	classes = {
	};
	objectVersion = 46;
	objects = {

/* Begin PBXBuildFile section */
		F159EFF11DBF97CA000E876B /* AppDelegate.swift in Sources */ = {isa = PBXBuildFile; fileRef = F159EFF01DBF97CA000E876B /* AppDelegate.swift */; };
		F159EFF31DBF97CA000E876B /* ViewController.swift in Sources */ = {isa = PBXBuildFile; fileRef = F159EFF21DBF97CA000E876B /* ViewController.swift */; };
		F159EFF61DBF97CA000E876B /* Main.storyboard in Resources */ = {isa = PBXBuildFile; fileRef = F159EFF41DBF97CA000E876B /* Main.storyboard */; };
		F159EFF81DBF97CA000E876B /* Assets.xcassets in Resources */ = {isa = PBXBuildFile; fileRef = F159EFF71DBF97CA000E876B /* Assets.xcassets */; };
		F159EFFB1DBF97CA000E876B /* LaunchScreen.storyboard in Resources */ = {isa = PBXBuildFile; fileRef = F159EFF91DBF97CA000E876B /* LaunchScreen.storyboard */; };
/* End PBXBuildFile section */

/* Begin PBXFileReference section */
		F159EFED1DBF97CA000E876B /* TabbedNavigator Demo.app */ = {isa = PBXFileReference; explicitFileType = wrapper.application; includeInIndex = 0; path = "TabbedNavigator Demo.app"; sourceTree = BUILT_PRODUCTS_DIR; };
		F159EFF01DBF97CA000E876B /* AppDelegate.swift */ = {isa = PBXFileReference; lastKnownFileType = sourcecode.swift; path = AppDelegate.swift; sourceTree = "<group>"; };
		F159EFF21DBF97CA000E876B /* ViewController.swift */ = {isa = PBXFileReference; lastKnownFileType = sourcecode.swift; path = ViewController.swift; sourceTree = "<group>"; };
		F159EFF51DBF97CA000E876B /* Base */ = {isa = PBXFileReference; lastKnownFileType = file.storyboard; name = Base; path = Base.lproj/Main.storyboard; sourceTree = "<group>"; };
		F159EFF71DBF97CA000E876B /* Assets.xcassets */ = {isa = PBXFileReference; lastKnownFileType = folder.assetcatalog; path = Assets.xcassets; sourceTree = "<group>"; };
		F159EFFA1DBF97CA000E876B /* Base */ = {isa = PBXFileReference; lastKnownFileType = file.storyboard; name = Base; path = Base.lproj/LaunchScreen.storyboard; sourceTree = "<group>"; };
		F159EFFC1DBF97CA000E876B /* Info.plist */ = {isa = PBXFileReference; lastKnownFileType = text.plist.xml; path = Info.plist; sourceTree = "<group>"; };
/* End PBXFileReference section */

/* Begin PBXFrameworksBuildPhase section */
		F159EFEA1DBF97CA000E876B /* Frameworks */ = {
			isa = PBXFrameworksBuildPhase;
			buildActionMask = 2147483647;
			files = (
			);
			runOnlyForDeploymentPostprocessing = 0;
		};
/* End PBXFrameworksBuildPhase section */

/* Begin PBXGroup section */
		F159EFE41DBF97CA000E876B = {
			isa = PBXGroup;
			children = (
				F159EFEF1DBF97CA000E876B /* TabbedNavigator Demo */,
				F159EFEE1DBF97CA000E876B /* Products */,
			);
			sourceTree = "<group>";
		};
		F159EFEE1DBF97CA000E876B /* Products */ = {
			isa = PBXGroup;
			children = (
				F159EFED1DBF97CA000E876B /* TabbedNavigator Demo.app */,
			);
			name = Products;
			sourceTree = "<group>";
		};
		F159EFEF1DBF97CA000E876B /* TabbedNavigator Demo */ = {
			isa = PBXGroup;
			children = (
				F159EFF01DBF97CA000E876B /* AppDelegate.swift */,
				F159EFF21DBF97CA000E876B /* ViewController.swift */,
				F159EFF41DBF97CA000E876B /* Main.storyboard */,
				F159EFF71DBF97CA000E876B /* Assets.xcassets */,
				F159EFF91DBF97CA000E876B /* LaunchScreen.storyboard */,
				F159EFFC1DBF97CA000E876B /* Info.plist */,
			);
			path = "TabbedNavigator Demo";
			sourceTree = "<group>";
		};
/* End PBXGroup section */

/* Begin PBXNativeTarget section */
		F159EFEC1DBF97CA000E876B /* TabbedNavigator Demo */ = {
			isa = PBXNativeTarget;
			buildConfigurationList = F159EFFF1DBF97CA000E876B /* Build configuration list for PBXNativeTarget "TabbedNavigator Demo" */;
			buildPhases = (
				F159EFE91DBF97CA000E876B /* Sources */,
				F159EFEA1DBF97CA000E876B /* Frameworks */,
				F159EFEB1DBF97CA000E876B /* Resources */,
			);
			buildRules = (
			);
			dependencies = (
			);
			name = "TabbedNavigator Demo";
			productName = "TabbedNavigator Demo";
			productReference = F159EFED1DBF97CA000E876B /* TabbedNavigator Demo.app */;
			productType = "com.apple.product-type.application";
		};
/* End PBXNativeTarget section */

/* Begin PBXProject section */
		F159EFE51DBF97CA000E876B /* Project object */ = {
			isa = PBXProject;
			attributes = {
				LastSwiftUpdateCheck = 0800;
				LastUpgradeCheck = 0800;
				ORGANIZATIONNAME = Ryetech;
				TargetAttributes = {
					F159EFEC1DBF97CA000E876B = {
						CreatedOnToolsVersion = 8.0;
						ProvisioningStyle = Automatic;
					};
				};
			};
			buildConfigurationList = F159EFE81DBF97CA000E876B /* Build configuration list for PBXProject "TabbedNavigator Demo" */;
			compatibilityVersion = "Xcode 3.2";
			developmentRegion = English;
			hasScannedForEncodings = 0;
			knownRegions = (
				en,
				Base,
			);
			mainGroup = F159EFE41DBF97CA000E876B;
			productRefGroup = F159EFEE1DBF97CA000E876B /* Products */;
			projectDirPath = "";
			projectRoot = "";
			targets = (
				F159EFEC1DBF97CA000E876B /* TabbedNavigator Demo */,
			);
		};
/* End PBXProject section */

/* Begin PBXResourcesBuildPhase section */
		F159EFEB1DBF97CA000E876B /* Resources */ = {
			isa = PBXResourcesBuildPhase;
			buildActionMask = 2147483647;
			files = (
				F159EFFB1DBF97CA000E876B /* LaunchScreen.storyboard in Resources */,
				F159EFF81DBF97CA000E876B /* Assets.xcassets in Resources */,
				F159EFF61DBF97CA000E876B /* Main.storyboard in Resources */,
			);
			runOnlyForDeploymentPostprocessing = 0;
		};
/* End PBXResourcesBuildPhase section */

/* Begin PBXSourcesBuildPhase section */
		F159EFE91DBF97CA000E876B /* Sources */ = {
			isa = PBXSourcesBuildPhase;
			buildActionMask = 2147483647;
			files = (
				F159EFF31DBF97CA000E876B /* ViewController.swift in Sources */,
				F159EFF11DBF97CA000E876B /* AppDelegate.swift in Sources */,
			);
			runOnlyForDeploymentPostprocessing = 0;
		};
/* End PBXSourcesBuildPhase section */

/* Begin PBXVariantGroup section */
		F159EFF41DBF97CA000E876B /* Main.storyboard */ = {
			isa = PBXVariantGroup;
			children = (
				F159EFF51DBF97CA000E876B /* Base */,
			);
			name = Main.storyboard;
			sourceTree = "<group>";
		};
		F159EFF91DBF97CA000E876B /* LaunchScreen.storyboard */ = {
			isa = PBXVariantGroup;
			children = (
				F159EFFA1DBF97CA000E876B /* Base */,
			);
			name = LaunchScreen.storyboard;
			sourceTree = "<group>";
		};
/* End PBXVariantGroup section */

/* Begin XCBuildConfiguration section */
		F159EFFD1DBF97CA000E876B /* Debug */ = {
			isa = XCBuildConfiguration;
			buildSettings = {
				ALWAYS_SEARCH_USER_PATHS = NO;
				CLANG_ANALYZER_NONNULL = YES;
				CLANG_CXX_LANGUAGE_STANDARD = "gnu++0x";
				CLANG_CXX_LIBRARY = "libc++";
				CLANG_ENABLE_MODULES = YES;
				CLANG_ENABLE_OBJC_ARC = YES;
				CLANG_WARN_BOOL_CONVERSION = YES;
				CLANG_WARN_CONSTANT_CONVERSION = YES;
				CLANG_WARN_DIRECT_OBJC_ISA_USAGE = YES_ERROR;
				CLANG_WARN_DOCUMENTATION_COMMENTS = YES;
				CLANG_WARN_EMPTY_BODY = YES;
				CLANG_WARN_ENUM_CONVERSION = YES;
				CLANG_WARN_INFINITE_RECURSION = YES;
				CLANG_WARN_INT_CONVERSION = YES;
				CLANG_WARN_OBJC_ROOT_CLASS = YES_ERROR;
				CLANG_WARN_SUSPICIOUS_MOVES = YES;
				CLANG_WARN_UNREACHABLE_CODE = YES;
				CLANG_WARN__DUPLICATE_METHOD_MATCH = YES;
				"CODE_SIGN_IDENTITY[sdk=iphoneos*]" = "iPhone Developer";
				COPY_PHASE_STRIP = NO;
				DEBUG_INFORMATION_FORMAT = dwarf;
				ENABLE_STRICT_OBJC_MSGSEND = YES;
				ENABLE_TESTABILITY = YES;
				GCC_C_LANGUAGE_STANDARD = gnu99;
				GCC_DYNAMIC_NO_PIC = NO;
				GCC_NO_COMMON_BLOCKS = YES;
				GCC_OPTIMIZATION_LEVEL = 0;
				GCC_PREPROCESSOR_DEFINITIONS = (
					"DEBUG=1",
					"$(inherited)",
				);
				GCC_WARN_64_TO_32_BIT_CONVERSION = YES;
				GCC_WARN_ABOUT_RETURN_TYPE = YES_ERROR;
				GCC_WARN_UNDECLARED_SELECTOR = YES;
				GCC_WARN_UNINITIALIZED_AUTOS = YES_AGGRESSIVE;
				GCC_WARN_UNUSED_FUNCTION = YES;
				GCC_WARN_UNUSED_VARIABLE = YES;
				IPHONEOS_DEPLOYMENT_TARGET = 10.0;
				MTL_ENABLE_DEBUG_INFO = YES;
				ONLY_ACTIVE_ARCH = YES;
				SDKROOT = iphoneos;
				SWIFT_ACTIVE_COMPILATION_CONDITIONS = DEBUG;
				SWIFT_OPTIMIZATION_LEVEL = "-Onone";
			};
			name = Debug;
		};
		F159EFFE1DBF97CA000E876B /* Release */ = {
			isa = XCBuildConfiguration;
			buildSettings = {
				ALWAYS_SEARCH_USER_PATHS = NO;
				CLANG_ANALYZER_NONNULL = YES;
				CLANG_CXX_LANGUAGE_STANDARD = "gnu++0x";
				CLANG_CXX_LIBRARY = "libc++";
				CLANG_ENABLE_MODULES = YES;
				CLANG_ENABLE_OBJC_ARC = YES;
				CLANG_WARN_BOOL_CONVERSION = YES;
				CLANG_WARN_CONSTANT_CONVERSION = YES;
				CLANG_WARN_DIRECT_OBJC_ISA_USAGE = YES_ERROR;
				CLANG_WARN_DOCUMENTATION_COMMENTS = YES;
				CLANG_WARN_EMPTY_BODY = YES;
				CLANG_WARN_ENUM_CONVERSION = YES;
				CLANG_WARN_INFINITE_RECURSION = YES;
				CLANG_WARN_INT_CONVERSION = YES;
				CLANG_WARN_OBJC_ROOT_CLASS = YES_ERROR;
				CLANG_WARN_SUSPICIOUS_MOVES = YES;
				CLANG_WARN_UNREACHABLE_CODE = YES;
				CLANG_WARN__DUPLICATE_METHOD_MATCH = YES;
				"CODE_SIGN_IDENTITY[sdk=iphoneos*]" = "iPhone Developer";
				COPY_PHASE_STRIP = NO;
				DEBUG_INFORMATION_FORMAT = "dwarf-with-dsym";
				ENABLE_NS_ASSERTIONS = NO;
				ENABLE_STRICT_OBJC_MSGSEND = YES;
				GCC_C_LANGUAGE_STANDARD = gnu99;
				GCC_NO_COMMON_BLOCKS = YES;
				GCC_WARN_64_TO_32_BIT_CONVERSION = YES;
				GCC_WARN_ABOUT_RETURN_TYPE = YES_ERROR;
				GCC_WARN_UNDECLARED_SELECTOR = YES;
				GCC_WARN_UNINITIALIZED_AUTOS = YES_AGGRESSIVE;
				GCC_WARN_UNUSED_FUNCTION = YES;
				GCC_WARN_UNUSED_VARIABLE = YES;
				IPHONEOS_DEPLOYMENT_TARGET = 10.0;
				MTL_ENABLE_DEBUG_INFO = NO;
				SDKROOT = iphoneos;
				SWIFT_OPTIMIZATION_LEVEL = "-Owholemodule";
				VALIDATE_PRODUCT = YES;
			};
			name = Release;
		};
		F159F0001DBF97CA000E876B /* Debug */ = {
			isa = XCBuildConfiguration;
			buildSettings = {
				ASSETCATALOG_COMPILER_APPICON_NAME = AppIcon;
				INFOPLIST_FILE = "TabbedNavigator Demo/Info.plist";
				LD_RUNPATH_SEARCH_PATHS = "$(inherited) @executable_path/Frameworks";
				PRODUCT_BUNDLE_IDENTIFIER = "xyz.ryetech.TabbedNavigator-Demo";
				PRODUCT_NAME = "$(TARGET_NAME)";
				SWIFT_VERSION = 3.0;
			};
			name = Debug;
		};
		F159F0011DBF97CA000E876B /* Release */ = {
			isa = XCBuildConfiguration;
			buildSettings = {
				ASSETCATALOG_COMPILER_APPICON_NAME = AppIcon;
				INFOPLIST_FILE = "TabbedNavigator Demo/Info.plist";
				LD_RUNPATH_SEARCH_PATHS = "$(inherited) @executable_path/Frameworks";
				PRODUCT_BUNDLE_IDENTIFIER = "xyz.ryetech.TabbedNavigator-Demo";
				PRODUCT_NAME = "$(TARGET_NAME)";
				SWIFT_VERSION = 3.0;
			};
			name = Release;
		};
/* End XCBuildConfiguration section */

/* Begin XCConfigurationList section */
		F159EFE81DBF97CA000E876B /* Build configuration list for PBXProject "TabbedNavigator Demo" */ = {
			isa = XCConfigurationList;
			buildConfigurations = (
				F159EFFD1DBF97CA000E876B /* Debug */,
				F159EFFE1DBF97CA000E876B /* Release */,
			);
			defaultConfigurationIsVisible = 0;
			defaultConfigurationName = Release;
		};
		F159EFFF1DBF97CA000E876B /* Build configuration list for PBXNativeTarget "TabbedNavigator Demo" */ = {
			isa = XCConfigurationList;
			buildConfigurations = (
				F159F0001DBF97CA000E876B /* Debug */,
				F159F0011DBF97CA000E876B /* Release */,
			);
			defaultConfigurationIsVisible = 0;
		};
/* End XCConfigurationList section */
	};
	rootObject = F159EFE51DBF97CA000E876B /* Project object */;
}
