// !$*UTF8*$!
{
	archiveVersion = 1;
	classes = {
	};
	objectVersion = 46;
	objects = {

/* Begin PBXBuildFile section */
		F199FF121E10DF1A00C0576E /* AppDelegate.swift in Sources */ = {isa = PBXBuildFile; fileRef = F199FF111E10DF1A00C0576E /* AppDelegate.swift */; };
		F199FF141E10DF1A00C0576E /* ViewController.swift in Sources */ = {isa = PBXBuildFile; fileRef = F199FF131E10DF1A00C0576E /* ViewController.swift */; };
		F199FF171E10DF1A00C0576E /* Main.storyboard in Resources */ = {isa = PBXBuildFile; fileRef = F199FF151E10DF1A00C0576E /* Main.storyboard */; };
		F199FF191E10DF1A00C0576E /* Assets.xcassets in Resources */ = {isa = PBXBuildFile; fileRef = F199FF181E10DF1A00C0576E /* Assets.xcassets */; };
		F199FF1C1E10DF1A00C0576E /* LaunchScreen.storyboard in Resources */ = {isa = PBXBuildFile; fileRef = F199FF1A1E10DF1A00C0576E /* LaunchScreen.storyboard */; };
/* End PBXBuildFile section */

/* Begin PBXFileReference section */
		F199FF0E1E10DF1A00C0576E /* Spinner And Alerts Demo.app */ = {isa = PBXFileReference; explicitFileType = wrapper.application; includeInIndex = 0; path = "Spinner And Alerts Demo.app"; sourceTree = BUILT_PRODUCTS_DIR; };
		F199FF111E10DF1A00C0576E /* AppDelegate.swift */ = {isa = PBXFileReference; lastKnownFileType = sourcecode.swift; path = AppDelegate.swift; sourceTree = "<group>"; };
		F199FF131E10DF1A00C0576E /* ViewController.swift */ = {isa = PBXFileReference; lastKnownFileType = sourcecode.swift; path = ViewController.swift; sourceTree = "<group>"; };
		F199FF161E10DF1A00C0576E /* Base */ = {isa = PBXFileReference; lastKnownFileType = file.storyboard; name = Base; path = Base.lproj/Main.storyboard; sourceTree = "<group>"; };
		F199FF181E10DF1A00C0576E /* Assets.xcassets */ = {isa = PBXFileReference; lastKnownFileType = folder.assetcatalog; path = Assets.xcassets; sourceTree = "<group>"; };
		F199FF1B1E10DF1A00C0576E /* Base */ = {isa = PBXFileReference; lastKnownFileType = file.storyboard; name = Base; path = Base.lproj/LaunchScreen.storyboard; sourceTree = "<group>"; };
		F199FF1D1E10DF1A00C0576E /* Info.plist */ = {isa = PBXFileReference; lastKnownFileType = text.plist.xml; path = Info.plist; sourceTree = "<group>"; };
/* End PBXFileReference section */

/* Begin PBXFrameworksBuildPhase section */
		F199FF0B1E10DF1A00C0576E /* Frameworks */ = {
			isa = PBXFrameworksBuildPhase;
			buildActionMask = 2147483647;
			files = (
			);
			runOnlyForDeploymentPostprocessing = 0;
		};
/* End PBXFrameworksBuildPhase section */

/* Begin PBXGroup section */
		F199FF051E10DF1A00C0576E = {
			isa = PBXGroup;
			children = (
				F199FF101E10DF1A00C0576E /* Spinner And Alerts Demo */,
				F199FF0F1E10DF1A00C0576E /* Products */,
			);
			sourceTree = "<group>";
		};
		F199FF0F1E10DF1A00C0576E /* Products */ = {
			isa = PBXGroup;
			children = (
				F199FF0E1E10DF1A00C0576E /* Spinner And Alerts Demo.app */,
			);
			name = Products;
			sourceTree = "<group>";
		};
		F199FF101E10DF1A00C0576E /* Spinner And Alerts Demo */ = {
			isa = PBXGroup;
			children = (
				F199FF111E10DF1A00C0576E /* AppDelegate.swift */,
				F199FF131E10DF1A00C0576E /* ViewController.swift */,
				F199FF151E10DF1A00C0576E /* Main.storyboard */,
				F199FF181E10DF1A00C0576E /* Assets.xcassets */,
				F199FF1A1E10DF1A00C0576E /* LaunchScreen.storyboard */,
				F199FF1D1E10DF1A00C0576E /* Info.plist */,
			);
			path = "Spinner And Alerts Demo";
			sourceTree = "<group>";
		};
/* End PBXGroup section */

/* Begin PBXNativeTarget section */
		F199FF0D1E10DF1A00C0576E /* Spinner And Alerts Demo */ = {
			isa = PBXNativeTarget;
			buildConfigurationList = F199FF201E10DF1A00C0576E /* Build configuration list for PBXNativeTarget "Spinner And Alerts Demo" */;
			buildPhases = (
				F199FF0A1E10DF1A00C0576E /* Sources */,
				F199FF0B1E10DF1A00C0576E /* Frameworks */,
				F199FF0C1E10DF1A00C0576E /* Resources */,
			);
			buildRules = (
			);
			dependencies = (
			);
			name = "Spinner And Alerts Demo";
			productName = "Spinner And Alerts Demo";
			productReference = F199FF0E1E10DF1A00C0576E /* Spinner And Alerts Demo.app */;
			productType = "com.apple.product-type.application";
		};
/* End PBXNativeTarget section */

/* Begin PBXProject section */
		F199FF061E10DF1A00C0576E /* Project object */ = {
			isa = PBXProject;
			attributes = {
				LastSwiftUpdateCheck = 0820;
				LastUpgradeCheck = 0820;
				ORGANIZATIONNAME = Ryetech;
				TargetAttributes = {
					F199FF0D1E10DF1A00C0576E = {
						CreatedOnToolsVersion = 8.2.1;
						ProvisioningStyle = Automatic;
					};
				};
			};
			buildConfigurationList = F199FF091E10DF1A00C0576E /* Build configuration list for PBXProject "Spinner And Alerts Demo" */;
			compatibilityVersion = "Xcode 3.2";
			developmentRegion = English;
			hasScannedForEncodings = 0;
			knownRegions = (
				en,
				Base,
			);
			mainGroup = F199FF051E10DF1A00C0576E;
			productRefGroup = F199FF0F1E10DF1A00C0576E /* Products */;
			projectDirPath = "";
			projectRoot = "";
			targets = (
				F199FF0D1E10DF1A00C0576E /* Spinner And Alerts Demo */,
			);
		};
/* End PBXProject section */

/* Begin PBXResourcesBuildPhase section */
		F199FF0C1E10DF1A00C0576E /* Resources */ = {
			isa = PBXResourcesBuildPhase;
			buildActionMask = 2147483647;
			files = (
				F199FF1C1E10DF1A00C0576E /* LaunchScreen.storyboard in Resources */,
				F199FF191E10DF1A00C0576E /* Assets.xcassets in Resources */,
				F199FF171E10DF1A00C0576E /* Main.storyboard in Resources */,
			);
			runOnlyForDeploymentPostprocessing = 0;
		};
/* End PBXResourcesBuildPhase section */

/* Begin PBXSourcesBuildPhase section */
		F199FF0A1E10DF1A00C0576E /* Sources */ = {
			isa = PBXSourcesBuildPhase;
			buildActionMask = 2147483647;
			files = (
				F199FF141E10DF1A00C0576E /* ViewController.swift in Sources */,
				F199FF121E10DF1A00C0576E /* AppDelegate.swift in Sources */,
			);
			runOnlyForDeploymentPostprocessing = 0;
		};
/* End PBXSourcesBuildPhase section */

/* Begin PBXVariantGroup section */
		F199FF151E10DF1A00C0576E /* Main.storyboard */ = {
			isa = PBXVariantGroup;
			children = (
				F199FF161E10DF1A00C0576E /* Base */,
			);
			name = Main.storyboard;
			sourceTree = "<group>";
		};
		F199FF1A1E10DF1A00C0576E /* LaunchScreen.storyboard */ = {
			isa = PBXVariantGroup;
			children = (
				F199FF1B1E10DF1A00C0576E /* Base */,
			);
			name = LaunchScreen.storyboard;
			sourceTree = "<group>";
		};
/* End PBXVariantGroup section */

/* Begin XCBuildConfiguration section */
		F199FF1E1E10DF1A00C0576E /* Debug */ = {
			isa = XCBuildConfiguration;
			buildSettings = {
				ALWAYS_SEARCH_USER_PATHS = NO;
				CLANG_ANALYZER_NONNULL = YES;
				CLANG_CXX_LANGUAGE_STANDARD = "gnu++0x";
				CLANG_CXX_LIBRARY = "libc++";
				CLANG_ENABLE_MODULES = YES;
				CLANG_ENABLE_OBJC_ARC = YES;
				CLANG_WARN_BOOL_CONVERSION = YES;
				CLANG_WARN_CONSTANT_CONVERSION = YES;
				CLANG_WARN_DIRECT_OBJC_ISA_USAGE = YES_ERROR;
				CLANG_WARN_DOCUMENTATION_COMMENTS = YES;
				CLANG_WARN_EMPTY_BODY = YES;
				CLANG_WARN_ENUM_CONVERSION = YES;
				CLANG_WARN_INFINITE_RECURSION = YES;
				CLANG_WARN_INT_CONVERSION = YES;
				CLANG_WARN_OBJC_ROOT_CLASS = YES_ERROR;
				CLANG_WARN_SUSPICIOUS_MOVE = YES;
				CLANG_WARN_UNREACHABLE_CODE = YES;
				CLANG_WARN__DUPLICATE_METHOD_MATCH = YES;
				"CODE_SIGN_IDENTITY[sdk=iphoneos*]" = "iPhone Developer";
				COPY_PHASE_STRIP = NO;
				DEBUG_INFORMATION_FORMAT = dwarf;
				ENABLE_STRICT_OBJC_MSGSEND = YES;
				ENABLE_TESTABILITY = YES;
				GCC_C_LANGUAGE_STANDARD = gnu99;
				GCC_DYNAMIC_NO_PIC = NO;
				GCC_NO_COMMON_BLOCKS = YES;
				GCC_OPTIMIZATION_LEVEL = 0;
				GCC_PREPROCESSOR_DEFINITIONS = (
					"DEBUG=1",
					"$(inherited)",
				);
				GCC_WARN_64_TO_32_BIT_CONVERSION = YES;
				GCC_WARN_ABOUT_RETURN_TYPE = YES_ERROR;
				GCC_WARN_UNDECLARED_SELECTOR = YES;
				GCC_WARN_UNINITIALIZED_AUTOS = YES_AGGRESSIVE;
				GCC_WARN_UNUSED_FUNCTION = YES;
				GCC_WARN_UNUSED_VARIABLE = YES;
				IPHONEOS_DEPLOYMENT_TARGET = 10.2;
				MTL_ENABLE_DEBUG_INFO = YES;
				ONLY_ACTIVE_ARCH = YES;
				SDKROOT = iphoneos;
				SWIFT_ACTIVE_COMPILATION_CONDITIONS = DEBUG;
				SWIFT_OPTIMIZATION_LEVEL = "-Onone";
			};
			name = Debug;
		};
		F199FF1F1E10DF1A00C0576E /* Release */ = {
			isa = XCBuildConfiguration;
			buildSettings = {
				ALWAYS_SEARCH_USER_PATHS = NO;
				CLANG_ANALYZER_NONNULL = YES;
				CLANG_CXX_LANGUAGE_STANDARD = "gnu++0x";
				CLANG_CXX_LIBRARY = "libc++";
				CLANG_ENABLE_MODULES = YES;
				CLANG_ENABLE_OBJC_ARC = YES;
				CLANG_WARN_BOOL_CONVERSION = YES;
				CLANG_WARN_CONSTANT_CONVERSION = YES;
				CLANG_WARN_DIRECT_OBJC_ISA_USAGE = YES_ERROR;
				CLANG_WARN_DOCUMENTATION_COMMENTS = YES;
				CLANG_WARN_EMPTY_BODY = YES;
				CLANG_WARN_ENUM_CONVERSION = YES;
				CLANG_WARN_INFINITE_RECURSION = YES;
				CLANG_WARN_INT_CONVERSION = YES;
				CLANG_WARN_OBJC_ROOT_CLASS = YES_ERROR;
				CLANG_WARN_SUSPICIOUS_MOVE = YES;
				CLANG_WARN_UNREACHABLE_CODE = YES;
				CLANG_WARN__DUPLICATE_METHOD_MATCH = YES;
				"CODE_SIGN_IDENTITY[sdk=iphoneos*]" = "iPhone Developer";
				COPY_PHASE_STRIP = NO;
				DEBUG_INFORMATION_FORMAT = "dwarf-with-dsym";
				ENABLE_NS_ASSERTIONS = NO;
				ENABLE_STRICT_OBJC_MSGSEND = YES;
				GCC_C_LANGUAGE_STANDARD = gnu99;
				GCC_NO_COMMON_BLOCKS = YES;
				GCC_WARN_64_TO_32_BIT_CONVERSION = YES;
				GCC_WARN_ABOUT_RETURN_TYPE = YES_ERROR;
				GCC_WARN_UNDECLARED_SELECTOR = YES;
				GCC_WARN_UNINITIALIZED_AUTOS = YES_AGGRESSIVE;
				GCC_WARN_UNUSED_FUNCTION = YES;
				GCC_WARN_UNUSED_VARIABLE = YES;
				IPHONEOS_DEPLOYMENT_TARGET = 10.2;
				MTL_ENABLE_DEBUG_INFO = NO;
				SDKROOT = iphoneos;
				SWIFT_OPTIMIZATION_LEVEL = "-Owholemodule";
				VALIDATE_PRODUCT = YES;
			};
			name = Release;
		};
		F199FF211E10DF1A00C0576E /* Debug */ = {
			isa = XCBuildConfiguration;
			buildSettings = {
				ASSETCATALOG_COMPILER_APPICON_NAME = AppIcon;
				INFOPLIST_FILE = "Spinner And Alerts Demo/Info.plist";
				LD_RUNPATH_SEARCH_PATHS = "$(inherited) @executable_path/Frameworks";
				PRODUCT_BUNDLE_IDENTIFIER = "xyz.ryetech.Spinner-And-Alerts-Demo";
				PRODUCT_NAME = "$(TARGET_NAME)";
				SWIFT_VERSION = 3.0;
			};
			name = Debug;
		};
		F199FF221E10DF1A00C0576E /* Release */ = {
			isa = XCBuildConfiguration;
			buildSettings = {
				ASSETCATALOG_COMPILER_APPICON_NAME = AppIcon;
				INFOPLIST_FILE = "Spinner And Alerts Demo/Info.plist";
				LD_RUNPATH_SEARCH_PATHS = "$(inherited) @executable_path/Frameworks";
				PRODUCT_BUNDLE_IDENTIFIER = "xyz.ryetech.Spinner-And-Alerts-Demo";
				PRODUCT_NAME = "$(TARGET_NAME)";
				SWIFT_VERSION = 3.0;
			};
			name = Release;
		};
/* End XCBuildConfiguration section */

/* Begin XCConfigurationList section */
		F199FF091E10DF1A00C0576E /* Build configuration list for PBXProject "Spinner And Alerts Demo" */ = {
			isa = XCConfigurationList;
			buildConfigurations = (
				F199FF1E1E10DF1A00C0576E /* Debug */,
				F199FF1F1E10DF1A00C0576E /* Release */,
			);
			defaultConfigurationIsVisible = 0;
			defaultConfigurationName = Release;
		};
		F199FF201E10DF1A00C0576E /* Build configuration list for PBXNativeTarget "Spinner And Alerts Demo" */ = {
			isa = XCConfigurationList;
			buildConfigurations = (
				F199FF211E10DF1A00C0576E /* Debug */,
				F199FF221E10DF1A00C0576E /* Release */,
			);
			defaultConfigurationIsVisible = 0;
		};
/* End XCConfigurationList section */
	};
	rootObject = F199FF061E10DF1A00C0576E /* Project object */;
}
